
Microsoft Visual Studio Solution File, Format Version 12.00
# Visual Studio Version 17
VisualStudioVersion = 17.1.32421.90
MinimumVisualStudioVersion = 10.0.40219.1
Project("{9A19103F-16F7-4668-BE54-9A1E7A4F7556}") = "ArchTorrent", "ArchTorrent\ArchTorrent.csproj", "{A279DA34-FD4D-4C4F-A9BB-BD38F6D9306A}"
EndProject
Project("{2150E333-8FDC-42A3-9474-1A3956D46DE8}") = "Solution Items", "Solution Items", "{CF4412B2-1D11-4D2F-9202-52B7713FA6F3}"
	ProjectSection(SolutionItems) = preProject
		sample.torrent = sample.torrent
	EndProjectSection
EndProject
Project("{9A19103F-16F7-4668-BE54-9A1E7A4F7556}") = "ArchTorrent.Core", "ArchTorrent.Core\ArchTorrent.Core.csproj", "{FDC72343-2E8E-40E8-AB5C-3E073E32861A}"
EndProject
Project("{FAE04EC0-301F-11D3-BF4B-00C04F79EFBC}") = "ArchTorrent.Bencode", "ArchTorrent.Bencode\ArchTorrent.Bencode.csproj", "{BFDAA095-7ECC-4503-A60B-5222C047FD6B}"
EndProject
Global
	GlobalSection(SolutionConfigurationPlatforms) = preSolution
		Debug|Any CPU = Debug|Any CPU
		Release|Any CPU = Release|Any CPU
	EndGlobalSection
	GlobalSection(ProjectConfigurationPlatforms) = postSolution
		{A279DA34-FD4D-4C4F-A9BB-BD38F6D9306A}.Debug|Any CPU.ActiveCfg = Debug|Any CPU
		{A279DA34-FD4D-4C4F-A9BB-BD38F6D9306A}.Debug|Any CPU.Build.0 = Debug|Any CPU
		{A279DA34-FD4D-4C4F-A9BB-BD38F6D9306A}.Release|Any CPU.ActiveCfg = Release|Any CPU
		{A279DA34-FD4D-4C4F-A9BB-BD38F6D9306A}.Release|Any CPU.Build.0 = Release|Any CPU
		{FDC72343-2E8E-40E8-AB5C-3E073E32861A}.Debug|Any CPU.ActiveCfg = Debug|Any CPU
		{FDC72343-2E8E-40E8-AB5C-3E073E32861A}.Debug|Any CPU.Build.0 = Debug|Any CPU
		{FDC72343-2E8E-40E8-AB5C-3E073E32861A}.Release|Any CPU.ActiveCfg = Release|Any CPU
		{FDC72343-2E8E-40E8-AB5C-3E073E32861A}.Release|Any CPU.Build.0 = Release|Any CPU
		{BFDAA095-7ECC-4503-A60B-5222C047FD6B}.Debug|Any CPU.ActiveCfg = Debug|Any CPU
		{BFDAA095-7ECC-4503-A60B-5222C047FD6B}.Debug|Any CPU.Build.0 = Debug|Any CPU
		{BFDAA095-7ECC-4503-A60B-5222C047FD6B}.Release|Any CPU.ActiveCfg = Release|Any CPU
		{BFDAA095-7ECC-4503-A60B-5222C047FD6B}.Release|Any CPU.Build.0 = Release|Any CPU
	EndGlobalSection
	GlobalSection(SolutionProperties) = preSolution
		HideSolutionNode = FALSE
	EndGlobalSection
	GlobalSection(ExtensibilityGlobals) = postSolution
		SolutionGuid = {9D0E1C80-3D93-4CA8-91A4-9F39939DBB42}
	EndGlobalSection
EndGlobal
